github.com/Azure/go-ntlmssp v0.0.0-20211209120228-48547f28849e h1:ZU22z/2YRFLyf/P4ZwUYSdNCWsMEI0VeyrFoI2rAhJQ=
github.com/Azure/go-ntlmssp v0.0.0-20211209120228-48547f28849e/go.mod h1:chxPXzSsl7ZWRAuOIE23GDNzjWuZquvFlgA8xmpunjU=
github.com/joho/godotenv v1.4.0 h1:3l4+N6zfMWnkbPEXKng2o2/MR5mSwTrBih4ZEkkz1lg=
github.com/joho/godotenv v1.4.0/go.mod h1:f4LDr5Voq0i2e/R5DDNOoa2zzDfwtkZa6DnEwAbqwq4=
golang.org/x/crypto v0.0.0-20220208233918-bba287dce954 h1:BkypuErRT9A9I/iljuaG3/zdMjd/J6m8tKKJQtGfSdA=
golang.org/x/crypto v0.0.0-20220208233918-bba287dce954/go.mod h1:IxCIyHEi3zRg3s0A5j5BB6A9Jmi73HwBIUl50j+osU4=
